
Microsoft Visual Studio Solution File, Format Version 12.00
# Visual Studio 15
VisualStudioVersion = 15.0.26206.0
MinimumVisualStudioVersion = 10.0.40219.1
Project("{FAE04EC0-301F-11D3-BF4B-00C04F79EFBC}") = "Plugin.IO.SerialPort", "Plugin.IO.SerialPort\Plugin.IO.SerialPort.csproj", "{F6516C2A-66B7-4714-B211-082E6A90EB33}"
EndProject
Project("{FAE04EC0-301F-11D3-BF4B-00C04F79EFBC}") = "Plugin.IO.SerialPort.Uwp", "Plugin.IO.SerialPort.Uwp\Plugin.IO.SerialPort.Uwp.csproj", "{46444683-567A-46BE-A277-6FAB9C32B2B3}"
EndProject
Project("{FAE04EC0-301F-11D3-BF4B-00C04F79EFBC}") = "Plugin.IO.SerialPort.Android", "Plugin.IO.SerialPort.Android\Plugin.IO.SerialPort.Android.csproj", "{1E636750-4E14-4A1B-8BD9-A6F682FDEE59}"
EndProject
Project("{FAE04EC0-301F-11D3-BF4B-00C04F79EFBC}") = "Plugin.IO.SerialPort.Abstractions", "Plugin.IO.SerialPort.Abstractions\Plugin.IO.SerialPort.Abstractions.csproj", "{DC7E56F4-EC2A-4EDE-BBB9-EA885CFDCD3F}"
EndProject
Project("{D954291E-2A0B-460D-934E-DC6B0785DB48}") = "Plugin.IO.SerialPort.Shared", "Plugin.IO.SerialPort.Shared\Plugin.IO.SerialPort.Shared.shproj", "{B70362D7-EF51-4BCA-B0D1-7D2F007A7994}"
EndProject
Project("{2150E333-8FDC-42A3-9474-1A3956D46DE8}") = "nuspec", "nuspec", "{7CAED143-B3FB-450A-80AE-FBF839BFD407}"
	ProjectSection(SolutionItems) = preProject
		nuspec\nuget.exe = nuspec\nuget.exe
		nuspec\pack.cmd = nuspec\pack.cmd
		nuspec\Plugin.IO.SerialPort.nuspec = nuspec\Plugin.IO.SerialPort.nuspec
		nuspec\push.cmd = nuspec\push.cmd
	EndProjectSection
EndProject
Project("{D954291E-2A0B-460D-934E-DC6B0785DB48}") = "Samples", "Samples\Samples\Samples.shproj", "{B2389683-B84E-4BF1-B34C-795DA7508A95}"
EndProject
Project("{FAE04EC0-301F-11D3-BF4B-00C04F79EFBC}") = "Samples.Droid", "Samples\Samples.Droid\Samples.Droid.csproj", "{078DB5F4-8A5E-4C86-A212-720AE1000EF3}"
EndProject
Project("{FAE04EC0-301F-11D3-BF4B-00C04F79EFBC}") = "Samples.Uwp", "Samples\Samples.Uwp\Samples.Uwp.csproj", "{D53C289A-4F5A-40C8-B825-EDCA3A8E95D8}"
EndProject
Global
	GlobalSection(SharedMSBuildProjectFiles) = preSolution
		Samples\Samples\Samples.projitems*{078db5f4-8a5e-4c86-a212-720ae1000ef3}*SharedItemsImports = 4
		Plugin.IO.SerialPort.Shared\Plugin.IO.SerialPort.Shared.projitems*{1e636750-4e14-4a1b-8bd9-a6f682fdee59}*SharedItemsImports = 4
		Plugin.IO.SerialPort.Shared\Plugin.IO.SerialPort.Shared.projitems*{46444683-567a-46be-a277-6fab9c32b2b3}*SharedItemsImports = 4
		Samples\Samples\Samples.projitems*{b2389683-b84e-4bf1-b34c-795da7508a95}*SharedItemsImports = 13
		Plugin.IO.SerialPort.Shared\Plugin.IO.SerialPort.Shared.projitems*{b70362d7-ef51-4bca-b0d1-7d2f007a7994}*SharedItemsImports = 13
		Samples\Samples\Samples.projitems*{d53c289a-4f5a-40c8-b825-edca3a8e95d8}*SharedItemsImports = 4
	EndGlobalSection
	GlobalSection(SolutionConfigurationPlatforms) = preSolution
		Ad-Hoc|Any CPU = Ad-Hoc|Any CPU
		Ad-Hoc|ARM = Ad-Hoc|ARM
		Ad-Hoc|iPhone = Ad-Hoc|iPhone
		Ad-Hoc|iPhoneSimulator = Ad-Hoc|iPhoneSimulator
		Ad-Hoc|x64 = Ad-Hoc|x64
		Ad-Hoc|x86 = Ad-Hoc|x86
		AppStore|Any CPU = AppStore|Any CPU
		AppStore|ARM = AppStore|ARM
		AppStore|iPhone = AppStore|iPhone
		AppStore|iPhoneSimulator = AppStore|iPhoneSimulator
		AppStore|x64 = AppStore|x64
		AppStore|x86 = AppStore|x86
		Debug|Any CPU = Debug|Any CPU
		Debug|ARM = Debug|ARM
		Debug|iPhone = Debug|iPhone
		Debug|iPhoneSimulator = Debug|iPhoneSimulator
		Debug|x64 = Debug|x64
		Debug|x86 = Debug|x86
		Release|Any CPU = Release|Any CPU
		Release|ARM = Release|ARM
		Release|iPhone = Release|iPhone
		Release|iPhoneSimulator = Release|iPhoneSimulator
		Release|x64 = Release|x64
		Release|x86 = Release|x86
	EndGlobalSection
	GlobalSection(ProjectConfigurationPlatforms) = postSolution
		{F6516C2A-66B7-4714-B211-082E6A90EB33}.Ad-Hoc|Any CPU.ActiveCfg = Release|Any CPU
		{F6516C2A-66B7-4714-B211-082E6A90EB33}.Ad-Hoc|Any CPU.Build.0 = Release|Any CPU
		{F6516C2A-66B7-4714-B211-082E6A90EB33}.Ad-Hoc|ARM.ActiveCfg = Release|Any CPU
		{F6516C2A-66B7-4714-B211-082E6A90EB33}.Ad-Hoc|ARM.Build.0 = Release|Any CPU
		{F6516C2A-66B7-4714-B211-082E6A90EB33}.Ad-Hoc|iPhone.ActiveCfg = Release|Any CPU
		{F6516C2A-66B7-4714-B211-082E6A90EB33}.Ad-Hoc|iPhone.Build.0 = Release|Any CPU
		{F6516C2A-66B7-4714-B211-082E6A90EB33}.Ad-Hoc|iPhoneSimulator.ActiveCfg = Release|Any CPU
		{F6516C2A-66B7-4714-B211-082E6A90EB33}.Ad-Hoc|iPhoneSimulator.Build.0 = Release|Any CPU
		{F6516C2A-66B7-4714-B211-082E6A90EB33}.Ad-Hoc|x64.ActiveCfg = Release|x64
		{F6516C2A-66B7-4714-B211-082E6A90EB33}.Ad-Hoc|x64.Build.0 = Release|x64
		{F6516C2A-66B7-4714-B211-082E6A90EB33}.Ad-Hoc|x86.ActiveCfg = Release|x86
		{F6516C2A-66B7-4714-B211-082E6A90EB33}.Ad-Hoc|x86.Build.0 = Release|x86
		{F6516C2A-66B7-4714-B211-082E6A90EB33}.AppStore|Any CPU.ActiveCfg = Release|Any CPU
		{F6516C2A-66B7-4714-B211-082E6A90EB33}.AppStore|Any CPU.Build.0 = Release|Any CPU
		{F6516C2A-66B7-4714-B211-082E6A90EB33}.AppStore|ARM.ActiveCfg = Release|Any CPU
		{F6516C2A-66B7-4714-B211-082E6A90EB33}.AppStore|ARM.Build.0 = Release|Any CPU
		{F6516C2A-66B7-4714-B211-082E6A90EB33}.AppStore|iPhone.ActiveCfg = Release|Any CPU
		{F6516C2A-66B7-4714-B211-082E6A90EB33}.AppStore|iPhone.Build.0 = Release|Any CPU
		{F6516C2A-66B7-4714-B211-082E6A90EB33}.AppStore|iPhoneSimulator.ActiveCfg = Release|Any CPU
		{F6516C2A-66B7-4714-B211-082E6A90EB33}.AppStore|iPhoneSimulator.Build.0 = Release|Any CPU
		{F6516C2A-66B7-4714-B211-082E6A90EB33}.AppStore|x64.ActiveCfg = Release|x64
		{F6516C2A-66B7-4714-B211-082E6A90EB33}.AppStore|x64.Build.0 = Release|x64
		{F6516C2A-66B7-4714-B211-082E6A90EB33}.AppStore|x86.ActiveCfg = Release|x86
		{F6516C2A-66B7-4714-B211-082E6A90EB33}.AppStore|x86.Build.0 = Release|x86
		{F6516C2A-66B7-4714-B211-082E6A90EB33}.Debug|Any CPU.ActiveCfg = Debug|Any CPU
		{F6516C2A-66B7-4714-B211-082E6A90EB33}.Debug|Any CPU.Build.0 = Debug|Any CPU
		{F6516C2A-66B7-4714-B211-082E6A90EB33}.Debug|ARM.ActiveCfg = Debug|Any CPU
		{F6516C2A-66B7-4714-B211-082E6A90EB33}.Debug|ARM.Build.0 = Debug|Any CPU
		{F6516C2A-66B7-4714-B211-082E6A90EB33}.Debug|iPhone.ActiveCfg = Debug|Any CPU
		{F6516C2A-66B7-4714-B211-082E6A90EB33}.Debug|iPhone.Build.0 = Debug|Any CPU
		{F6516C2A-66B7-4714-B211-082E6A90EB33}.Debug|iPhoneSimulator.ActiveCfg = Debug|Any CPU
		{F6516C2A-66B7-4714-B211-082E6A90EB33}.Debug|iPhoneSimulator.Build.0 = Debug|Any CPU
		{F6516C2A-66B7-4714-B211-082E6A90EB33}.Debug|x64.ActiveCfg = Debug|x64
		{F6516C2A-66B7-4714-B211-082E6A90EB33}.Debug|x64.Build.0 = Debug|x64
		{F6516C2A-66B7-4714-B211-082E6A90EB33}.Debug|x86.ActiveCfg = Debug|x86
		{F6516C2A-66B7-4714-B211-082E6A90EB33}.Debug|x86.Build.0 = Debug|x86
		{F6516C2A-66B7-4714-B211-082E6A90EB33}.Release|Any CPU.ActiveCfg = Release|Any CPU
		{F6516C2A-66B7-4714-B211-082E6A90EB33}.Release|Any CPU.Build.0 = Release|Any CPU
		{F6516C2A-66B7-4714-B211-082E6A90EB33}.Release|ARM.ActiveCfg = Release|Any CPU
		{F6516C2A-66B7-4714-B211-082E6A90EB33}.Release|ARM.Build.0 = Release|Any CPU
		{F6516C2A-66B7-4714-B211-082E6A90EB33}.Release|iPhone.ActiveCfg = Release|Any CPU
		{F6516C2A-66B7-4714-B211-082E6A90EB33}.Release|iPhone.Build.0 = Release|Any CPU
		{F6516C2A-66B7-4714-B211-082E6A90EB33}.Release|iPhoneSimulator.ActiveCfg = Release|Any CPU
		{F6516C2A-66B7-4714-B211-082E6A90EB33}.Release|iPhoneSimulator.Build.0 = Release|Any CPU
		{F6516C2A-66B7-4714-B211-082E6A90EB33}.Release|x64.ActiveCfg = Release|x64
		{F6516C2A-66B7-4714-B211-082E6A90EB33}.Release|x64.Build.0 = Release|x64
		{F6516C2A-66B7-4714-B211-082E6A90EB33}.Release|x86.ActiveCfg = Release|x86
		{F6516C2A-66B7-4714-B211-082E6A90EB33}.Release|x86.Build.0 = Release|x86
		{46444683-567A-46BE-A277-6FAB9C32B2B3}.Ad-Hoc|Any CPU.ActiveCfg = Release|Any CPU
		{46444683-567A-46BE-A277-6FAB9C32B2B3}.Ad-Hoc|Any CPU.Build.0 = Release|Any CPU
		{46444683-567A-46BE-A277-6FAB9C32B2B3}.Ad-Hoc|ARM.ActiveCfg = Release|ARM
		{46444683-567A-46BE-A277-6FAB9C32B2B3}.Ad-Hoc|ARM.Build.0 = Release|ARM
		{46444683-567A-46BE-A277-6FAB9C32B2B3}.Ad-Hoc|iPhone.ActiveCfg = Release|Any CPU
		{46444683-567A-46BE-A277-6FAB9C32B2B3}.Ad-Hoc|iPhone.Build.0 = Release|Any CPU
		{46444683-567A-46BE-A277-6FAB9C32B2B3}.Ad-Hoc|iPhoneSimulator.ActiveCfg = Release|Any CPU
		{46444683-567A-46BE-A277-6FAB9C32B2B3}.Ad-Hoc|iPhoneSimulator.Build.0 = Release|Any CPU
		{46444683-567A-46BE-A277-6FAB9C32B2B3}.Ad-Hoc|x64.ActiveCfg = Release|x64
		{46444683-567A-46BE-A277-6FAB9C32B2B3}.Ad-Hoc|x64.Build.0 = Release|x64
		{46444683-567A-46BE-A277-6FAB9C32B2B3}.Ad-Hoc|x86.ActiveCfg = Release|x86
		{46444683-567A-46BE-A277-6FAB9C32B2B3}.Ad-Hoc|x86.Build.0 = Release|x86
		{46444683-567A-46BE-A277-6FAB9C32B2B3}.AppStore|Any CPU.ActiveCfg = Release|Any CPU
		{46444683-567A-46BE-A277-6FAB9C32B2B3}.AppStore|Any CPU.Build.0 = Release|Any CPU
		{46444683-567A-46BE-A277-6FAB9C32B2B3}.AppStore|ARM.ActiveCfg = Release|ARM
		{46444683-567A-46BE-A277-6FAB9C32B2B3}.AppStore|ARM.Build.0 = Release|ARM
		{46444683-567A-46BE-A277-6FAB9C32B2B3}.AppStore|iPhone.ActiveCfg = Release|Any CPU
		{46444683-567A-46BE-A277-6FAB9C32B2B3}.AppStore|iPhone.Build.0 = Release|Any CPU
		{46444683-567A-46BE-A277-6FAB9C32B2B3}.AppStore|iPhoneSimulator.ActiveCfg = Release|Any CPU
		{46444683-567A-46BE-A277-6FAB9C32B2B3}.AppStore|iPhoneSimulator.Build.0 = Release|Any CPU
		{46444683-567A-46BE-A277-6FAB9C32B2B3}.AppStore|x64.ActiveCfg = Release|x64
		{46444683-567A-46BE-A277-6FAB9C32B2B3}.AppStore|x64.Build.0 = Release|x64
		{46444683-567A-46BE-A277-6FAB9C32B2B3}.AppStore|x86.ActiveCfg = Release|x86
		{46444683-567A-46BE-A277-6FAB9C32B2B3}.AppStore|x86.Build.0 = Release|x86
		{46444683-567A-46BE-A277-6FAB9C32B2B3}.Debug|Any CPU.ActiveCfg = Debug|Any CPU
		{46444683-567A-46BE-A277-6FAB9C32B2B3}.Debug|Any CPU.Build.0 = Debug|Any CPU
		{46444683-567A-46BE-A277-6FAB9C32B2B3}.Debug|ARM.ActiveCfg = Debug|ARM
		{46444683-567A-46BE-A277-6FAB9C32B2B3}.Debug|ARM.Build.0 = Debug|ARM
		{46444683-567A-46BE-A277-6FAB9C32B2B3}.Debug|iPhone.ActiveCfg = Debug|Any CPU
		{46444683-567A-46BE-A277-6FAB9C32B2B3}.Debug|iPhone.Build.0 = Debug|Any CPU
		{46444683-567A-46BE-A277-6FAB9C32B2B3}.Debug|iPhoneSimulator.ActiveCfg = Debug|Any CPU
		{46444683-567A-46BE-A277-6FAB9C32B2B3}.Debug|iPhoneSimulator.Build.0 = Debug|Any CPU
		{46444683-567A-46BE-A277-6FAB9C32B2B3}.Debug|x64.ActiveCfg = Debug|x64
		{46444683-567A-46BE-A277-6FAB9C32B2B3}.Debug|x64.Build.0 = Debug|x64
		{46444683-567A-46BE-A277-6FAB9C32B2B3}.Debug|x86.ActiveCfg = Debug|x86
		{46444683-567A-46BE-A277-6FAB9C32B2B3}.Debug|x86.Build.0 = Debug|x86
		{46444683-567A-46BE-A277-6FAB9C32B2B3}.Release|Any CPU.ActiveCfg = Release|Any CPU
		{46444683-567A-46BE-A277-6FAB9C32B2B3}.Release|Any CPU.Build.0 = Release|Any CPU
		{46444683-567A-46BE-A277-6FAB9C32B2B3}.Release|ARM.ActiveCfg = Release|ARM
		{46444683-567A-46BE-A277-6FAB9C32B2B3}.Release|ARM.Build.0 = Release|ARM
		{46444683-567A-46BE-A277-6FAB9C32B2B3}.Release|iPhone.ActiveCfg = Release|Any CPU
		{46444683-567A-46BE-A277-6FAB9C32B2B3}.Release|iPhone.Build.0 = Release|Any CPU
		{46444683-567A-46BE-A277-6FAB9C32B2B3}.Release|iPhoneSimulator.ActiveCfg = Release|Any CPU
		{46444683-567A-46BE-A277-6FAB9C32B2B3}.Release|iPhoneSimulator.Build.0 = Release|Any CPU
		{46444683-567A-46BE-A277-6FAB9C32B2B3}.Release|x64.ActiveCfg = Release|x64
		{46444683-567A-46BE-A277-6FAB9C32B2B3}.Release|x64.Build.0 = Release|x64
		{46444683-567A-46BE-A277-6FAB9C32B2B3}.Release|x86.ActiveCfg = Release|x86
		{46444683-567A-46BE-A277-6FAB9C32B2B3}.Release|x86.Build.0 = Release|x86
		{1E636750-4E14-4A1B-8BD9-A6F682FDEE59}.Ad-Hoc|Any CPU.ActiveCfg = Release|Any CPU
		{1E636750-4E14-4A1B-8BD9-A6F682FDEE59}.Ad-Hoc|Any CPU.Build.0 = Release|Any CPU
		{1E636750-4E14-4A1B-8BD9-A6F682FDEE59}.Ad-Hoc|ARM.ActiveCfg = Release|Any CPU
		{1E636750-4E14-4A1B-8BD9-A6F682FDEE59}.Ad-Hoc|ARM.Build.0 = Release|Any CPU
		{1E636750-4E14-4A1B-8BD9-A6F682FDEE59}.Ad-Hoc|iPhone.ActiveCfg = Release|Any CPU
		{1E636750-4E14-4A1B-8BD9-A6F682FDEE59}.Ad-Hoc|iPhone.Build.0 = Release|Any CPU
		{1E636750-4E14-4A1B-8BD9-A6F682FDEE59}.Ad-Hoc|iPhoneSimulator.ActiveCfg = Release|Any CPU
		{1E636750-4E14-4A1B-8BD9-A6F682FDEE59}.Ad-Hoc|iPhoneSimulator.Build.0 = Release|Any CPU
		{1E636750-4E14-4A1B-8BD9-A6F682FDEE59}.Ad-Hoc|x64.ActiveCfg = Release|Any CPU
		{1E636750-4E14-4A1B-8BD9-A6F682FDEE59}.Ad-Hoc|x64.Build.0 = Release|Any CPU
		{1E636750-4E14-4A1B-8BD9-A6F682FDEE59}.Ad-Hoc|x86.ActiveCfg = Release|Any CPU
		{1E636750-4E14-4A1B-8BD9-A6F682FDEE59}.Ad-Hoc|x86.Build.0 = Release|Any CPU
		{1E636750-4E14-4A1B-8BD9-A6F682FDEE59}.AppStore|Any CPU.ActiveCfg = Release|Any CPU
		{1E636750-4E14-4A1B-8BD9-A6F682FDEE59}.AppStore|Any CPU.Build.0 = Release|Any CPU
		{1E636750-4E14-4A1B-8BD9-A6F682FDEE59}.AppStore|ARM.ActiveCfg = Release|Any CPU
		{1E636750-4E14-4A1B-8BD9-A6F682FDEE59}.AppStore|ARM.Build.0 = Release|Any CPU
		{1E636750-4E14-4A1B-8BD9-A6F682FDEE59}.AppStore|iPhone.ActiveCfg = Release|Any CPU
		{1E636750-4E14-4A1B-8BD9-A6F682FDEE59}.AppStore|iPhone.Build.0 = Release|Any CPU
		{1E636750-4E14-4A1B-8BD9-A6F682FDEE59}.AppStore|iPhoneSimulator.ActiveCfg = Release|Any CPU
		{1E636750-4E14-4A1B-8BD9-A6F682FDEE59}.AppStore|iPhoneSimulator.Build.0 = Release|Any CPU
		{1E636750-4E14-4A1B-8BD9-A6F682FDEE59}.AppStore|x64.ActiveCfg = Release|Any CPU
		{1E636750-4E14-4A1B-8BD9-A6F682FDEE59}.AppStore|x64.Build.0 = Release|Any CPU
		{1E636750-4E14-4A1B-8BD9-A6F682FDEE59}.AppStore|x86.ActiveCfg = Release|Any CPU
		{1E636750-4E14-4A1B-8BD9-A6F682FDEE59}.AppStore|x86.Build.0 = Release|Any CPU
		{1E636750-4E14-4A1B-8BD9-A6F682FDEE59}.Debug|Any CPU.ActiveCfg = Debug|Any CPU
		{1E636750-4E14-4A1B-8BD9-A6F682FDEE59}.Debug|Any CPU.Build.0 = Debug|Any CPU
		{1E636750-4E14-4A1B-8BD9-A6F682FDEE59}.Debug|ARM.ActiveCfg = Debug|Any CPU
		{1E636750-4E14-4A1B-8BD9-A6F682FDEE59}.Debug|ARM.Build.0 = Debug|Any CPU
		{1E636750-4E14-4A1B-8BD9-A6F682FDEE59}.Debug|iPhone.ActiveCfg = Debug|Any CPU
		{1E636750-4E14-4A1B-8BD9-A6F682FDEE59}.Debug|iPhone.Build.0 = Debug|Any CPU
		{1E636750-4E14-4A1B-8BD9-A6F682FDEE59}.Debug|iPhoneSimulator.ActiveCfg = Debug|Any CPU
		{1E636750-4E14-4A1B-8BD9-A6F682FDEE59}.Debug|iPhoneSimulator.Build.0 = Debug|Any CPU
		{1E636750-4E14-4A1B-8BD9-A6F682FDEE59}.Debug|x64.ActiveCfg = Debug|Any CPU
		{1E636750-4E14-4A1B-8BD9-A6F682FDEE59}.Debug|x64.Build.0 = Debug|Any CPU
		{1E636750-4E14-4A1B-8BD9-A6F682FDEE59}.Debug|x86.ActiveCfg = Debug|Any CPU
		{1E636750-4E14-4A1B-8BD9-A6F682FDEE59}.Debug|x86.Build.0 = Debug|Any CPU
		{1E636750-4E14-4A1B-8BD9-A6F682FDEE59}.Release|Any CPU.ActiveCfg = Release|Any CPU
		{1E636750-4E14-4A1B-8BD9-A6F682FDEE59}.Release|Any CPU.Build.0 = Release|Any CPU
		{1E636750-4E14-4A1B-8BD9-A6F682FDEE59}.Release|ARM.ActiveCfg = Release|Any CPU
		{1E636750-4E14-4A1B-8BD9-A6F682FDEE59}.Release|ARM.Build.0 = Release|Any CPU
		{1E636750-4E14-4A1B-8BD9-A6F682FDEE59}.Release|iPhone.ActiveCfg = Release|Any CPU
		{1E636750-4E14-4A1B-8BD9-A6F682FDEE59}.Release|iPhone.Build.0 = Release|Any CPU
		{1E636750-4E14-4A1B-8BD9-A6F682FDEE59}.Release|iPhoneSimulator.ActiveCfg = Release|Any CPU
		{1E636750-4E14-4A1B-8BD9-A6F682FDEE59}.Release|iPhoneSimulator.Build.0 = Release|Any CPU
		{1E636750-4E14-4A1B-8BD9-A6F682FDEE59}.Release|x64.ActiveCfg = Release|Any CPU
		{1E636750-4E14-4A1B-8BD9-A6F682FDEE59}.Release|x64.Build.0 = Release|Any CPU
		{1E636750-4E14-4A1B-8BD9-A6F682FDEE59}.Release|x86.ActiveCfg = Release|Any CPU
		{1E636750-4E14-4A1B-8BD9-A6F682FDEE59}.Release|x86.Build.0 = Release|Any CPU
		{DC7E56F4-EC2A-4EDE-BBB9-EA885CFDCD3F}.Ad-Hoc|Any CPU.ActiveCfg = Release|Any CPU
		{DC7E56F4-EC2A-4EDE-BBB9-EA885CFDCD3F}.Ad-Hoc|Any CPU.Build.0 = Release|Any CPU
		{DC7E56F4-EC2A-4EDE-BBB9-EA885CFDCD3F}.Ad-Hoc|ARM.ActiveCfg = Release|Any CPU
		{DC7E56F4-EC2A-4EDE-BBB9-EA885CFDCD3F}.Ad-Hoc|ARM.Build.0 = Release|Any CPU
		{DC7E56F4-EC2A-4EDE-BBB9-EA885CFDCD3F}.Ad-Hoc|iPhone.ActiveCfg = Release|Any CPU
		{DC7E56F4-EC2A-4EDE-BBB9-EA885CFDCD3F}.Ad-Hoc|iPhone.Build.0 = Release|Any CPU
		{DC7E56F4-EC2A-4EDE-BBB9-EA885CFDCD3F}.Ad-Hoc|iPhoneSimulator.ActiveCfg = Release|Any CPU
		{DC7E56F4-EC2A-4EDE-BBB9-EA885CFDCD3F}.Ad-Hoc|iPhoneSimulator.Build.0 = Release|Any CPU
		{DC7E56F4-EC2A-4EDE-BBB9-EA885CFDCD3F}.Ad-Hoc|x64.ActiveCfg = Release|x64
		{DC7E56F4-EC2A-4EDE-BBB9-EA885CFDCD3F}.Ad-Hoc|x64.Build.0 = Release|x64
		{DC7E56F4-EC2A-4EDE-BBB9-EA885CFDCD3F}.Ad-Hoc|x86.ActiveCfg = Release|x86
		{DC7E56F4-EC2A-4EDE-BBB9-EA885CFDCD3F}.Ad-Hoc|x86.Build.0 = Release|x86
		{DC7E56F4-EC2A-4EDE-BBB9-EA885CFDCD3F}.AppStore|Any CPU.ActiveCfg = Release|Any CPU
		{DC7E56F4-EC2A-4EDE-BBB9-EA885CFDCD3F}.AppStore|Any CPU.Build.0 = Release|Any CPU
		{DC7E56F4-EC2A-4EDE-BBB9-EA885CFDCD3F}.AppStore|ARM.ActiveCfg = Release|Any CPU
		{DC7E56F4-EC2A-4EDE-BBB9-EA885CFDCD3F}.AppStore|ARM.Build.0 = Release|Any CPU
		{DC7E56F4-EC2A-4EDE-BBB9-EA885CFDCD3F}.AppStore|iPhone.ActiveCfg = Release|Any CPU
		{DC7E56F4-EC2A-4EDE-BBB9-EA885CFDCD3F}.AppStore|iPhone.Build.0 = Release|Any CPU
		{DC7E56F4-EC2A-4EDE-BBB9-EA885CFDCD3F}.AppStore|iPhoneSimulator.ActiveCfg = Release|Any CPU
		{DC7E56F4-EC2A-4EDE-BBB9-EA885CFDCD3F}.AppStore|iPhoneSimulator.Build.0 = Release|Any CPU
		{DC7E56F4-EC2A-4EDE-BBB9-EA885CFDCD3F}.AppStore|x64.ActiveCfg = Release|x64
		{DC7E56F4-EC2A-4EDE-BBB9-EA885CFDCD3F}.AppStore|x64.Build.0 = Release|x64
		{DC7E56F4-EC2A-4EDE-BBB9-EA885CFDCD3F}.AppStore|x86.ActiveCfg = Release|x86
		{DC7E56F4-EC2A-4EDE-BBB9-EA885CFDCD3F}.AppStore|x86.Build.0 = Release|x86
		{DC7E56F4-EC2A-4EDE-BBB9-EA885CFDCD3F}.Debug|Any CPU.ActiveCfg = Debug|Any CPU
		{DC7E56F4-EC2A-4EDE-BBB9-EA885CFDCD3F}.Debug|Any CPU.Build.0 = Debug|Any CPU
		{DC7E56F4-EC2A-4EDE-BBB9-EA885CFDCD3F}.Debug|ARM.ActiveCfg = Debug|Any CPU
		{DC7E56F4-EC2A-4EDE-BBB9-EA885CFDCD3F}.Debug|ARM.Build.0 = Debug|Any CPU
		{DC7E56F4-EC2A-4EDE-BBB9-EA885CFDCD3F}.Debug|iPhone.ActiveCfg = Debug|Any CPU
		{DC7E56F4-EC2A-4EDE-BBB9-EA885CFDCD3F}.Debug|iPhone.Build.0 = Debug|Any CPU
		{DC7E56F4-EC2A-4EDE-BBB9-EA885CFDCD3F}.Debug|iPhoneSimulator.ActiveCfg = Debug|Any CPU
		{DC7E56F4-EC2A-4EDE-BBB9-EA885CFDCD3F}.Debug|iPhoneSimulator.Build.0 = Debug|Any CPU
		{DC7E56F4-EC2A-4EDE-BBB9-EA885CFDCD3F}.Debug|x64.ActiveCfg = Debug|x64
		{DC7E56F4-EC2A-4EDE-BBB9-EA885CFDCD3F}.Debug|x64.Build.0 = Debug|x64
		{DC7E56F4-EC2A-4EDE-BBB9-EA885CFDCD3F}.Debug|x86.ActiveCfg = Debug|x86
		{DC7E56F4-EC2A-4EDE-BBB9-EA885CFDCD3F}.Debug|x86.Build.0 = Debug|x86
		{DC7E56F4-EC2A-4EDE-BBB9-EA885CFDCD3F}.Release|Any CPU.ActiveCfg = Release|Any CPU
		{DC7E56F4-EC2A-4EDE-BBB9-EA885CFDCD3F}.Release|Any CPU.Build.0 = Release|Any CPU
		{DC7E56F4-EC2A-4EDE-BBB9-EA885CFDCD3F}.Release|ARM.ActiveCfg = Release|Any CPU
		{DC7E56F4-EC2A-4EDE-BBB9-EA885CFDCD3F}.Release|ARM.Build.0 = Release|Any CPU
		{DC7E56F4-EC2A-4EDE-BBB9-EA885CFDCD3F}.Release|iPhone.ActiveCfg = Release|Any CPU
		{DC7E56F4-EC2A-4EDE-BBB9-EA885CFDCD3F}.Release|iPhone.Build.0 = Release|Any CPU
		{DC7E56F4-EC2A-4EDE-BBB9-EA885CFDCD3F}.Release|iPhoneSimulator.ActiveCfg = Release|Any CPU
		{DC7E56F4-EC2A-4EDE-BBB9-EA885CFDCD3F}.Release|iPhoneSimulator.Build.0 = Release|Any CPU
		{DC7E56F4-EC2A-4EDE-BBB9-EA885CFDCD3F}.Release|x64.ActiveCfg = Release|x64
		{DC7E56F4-EC2A-4EDE-BBB9-EA885CFDCD3F}.Release|x64.Build.0 = Release|x64
		{DC7E56F4-EC2A-4EDE-BBB9-EA885CFDCD3F}.Release|x86.ActiveCfg = Release|x86
		{DC7E56F4-EC2A-4EDE-BBB9-EA885CFDCD3F}.Release|x86.Build.0 = Release|x86
		{078DB5F4-8A5E-4C86-A212-720AE1000EF3}.Ad-Hoc|Any CPU.ActiveCfg = Release|Any CPU
		{078DB5F4-8A5E-4C86-A212-720AE1000EF3}.Ad-Hoc|Any CPU.Build.0 = Release|Any CPU
		{078DB5F4-8A5E-4C86-A212-720AE1000EF3}.Ad-Hoc|Any CPU.Deploy.0 = Release|Any CPU
		{078DB5F4-8A5E-4C86-A212-720AE1000EF3}.Ad-Hoc|ARM.ActiveCfg = Release|Any CPU
		{078DB5F4-8A5E-4C86-A212-720AE1000EF3}.Ad-Hoc|ARM.Build.0 = Release|Any CPU
		{078DB5F4-8A5E-4C86-A212-720AE1000EF3}.Ad-Hoc|ARM.Deploy.0 = Release|Any CPU
		{078DB5F4-8A5E-4C86-A212-720AE1000EF3}.Ad-Hoc|iPhone.ActiveCfg = Release|Any CPU
		{078DB5F4-8A5E-4C86-A212-720AE1000EF3}.Ad-Hoc|iPhone.Build.0 = Release|Any CPU
		{078DB5F4-8A5E-4C86-A212-720AE1000EF3}.Ad-Hoc|iPhone.Deploy.0 = Release|Any CPU
		{078DB5F4-8A5E-4C86-A212-720AE1000EF3}.Ad-Hoc|iPhoneSimulator.ActiveCfg = Release|Any CPU
		{078DB5F4-8A5E-4C86-A212-720AE1000EF3}.Ad-Hoc|iPhoneSimulator.Build.0 = Release|Any CPU
		{078DB5F4-8A5E-4C86-A212-720AE1000EF3}.Ad-Hoc|iPhoneSimulator.Deploy.0 = Release|Any CPU
		{078DB5F4-8A5E-4C86-A212-720AE1000EF3}.Ad-Hoc|x64.ActiveCfg = Release|Any CPU
		{078DB5F4-8A5E-4C86-A212-720AE1000EF3}.Ad-Hoc|x64.Build.0 = Release|Any CPU
		{078DB5F4-8A5E-4C86-A212-720AE1000EF3}.Ad-Hoc|x64.Deploy.0 = Release|Any CPU
		{078DB5F4-8A5E-4C86-A212-720AE1000EF3}.Ad-Hoc|x86.ActiveCfg = Release|Any CPU
		{078DB5F4-8A5E-4C86-A212-720AE1000EF3}.Ad-Hoc|x86.Build.0 = Release|Any CPU
		{078DB5F4-8A5E-4C86-A212-720AE1000EF3}.Ad-Hoc|x86.Deploy.0 = Release|Any CPU
		{078DB5F4-8A5E-4C86-A212-720AE1000EF3}.AppStore|Any CPU.ActiveCfg = Release|Any CPU
		{078DB5F4-8A5E-4C86-A212-720AE1000EF3}.AppStore|Any CPU.Build.0 = Release|Any CPU
		{078DB5F4-8A5E-4C86-A212-720AE1000EF3}.AppStore|Any CPU.Deploy.0 = Release|Any CPU
		{078DB5F4-8A5E-4C86-A212-720AE1000EF3}.AppStore|ARM.ActiveCfg = Release|Any CPU
		{078DB5F4-8A5E-4C86-A212-720AE1000EF3}.AppStore|ARM.Build.0 = Release|Any CPU
		{078DB5F4-8A5E-4C86-A212-720AE1000EF3}.AppStore|ARM.Deploy.0 = Release|Any CPU
		{078DB5F4-8A5E-4C86-A212-720AE1000EF3}.AppStore|iPhone.ActiveCfg = Release|Any CPU
		{078DB5F4-8A5E-4C86-A212-720AE1000EF3}.AppStore|iPhone.Build.0 = Release|Any CPU
		{078DB5F4-8A5E-4C86-A212-720AE1000EF3}.AppStore|iPhone.Deploy.0 = Release|Any CPU
		{078DB5F4-8A5E-4C86-A212-720AE1000EF3}.AppStore|iPhoneSimulator.ActiveCfg = Release|Any CPU
		{078DB5F4-8A5E-4C86-A212-720AE1000EF3}.AppStore|iPhoneSimulator.Build.0 = Release|Any CPU
		{078DB5F4-8A5E-4C86-A212-720AE1000EF3}.AppStore|iPhoneSimulator.Deploy.0 = Release|Any CPU
		{078DB5F4-8A5E-4C86-A212-720AE1000EF3}.AppStore|x64.ActiveCfg = Release|Any CPU
		{078DB5F4-8A5E-4C86-A212-720AE1000EF3}.AppStore|x64.Build.0 = Release|Any CPU
		{078DB5F4-8A5E-4C86-A212-720AE1000EF3}.AppStore|x64.Deploy.0 = Release|Any CPU
		{078DB5F4-8A5E-4C86-A212-720AE1000EF3}.AppStore|x86.ActiveCfg = Release|Any CPU
		{078DB5F4-8A5E-4C86-A212-720AE1000EF3}.AppStore|x86.Build.0 = Release|Any CPU
		{078DB5F4-8A5E-4C86-A212-720AE1000EF3}.AppStore|x86.Deploy.0 = Release|Any CPU
		{078DB5F4-8A5E-4C86-A212-720AE1000EF3}.Debug|Any CPU.ActiveCfg = Debug|Any CPU
		{078DB5F4-8A5E-4C86-A212-720AE1000EF3}.Debug|Any CPU.Build.0 = Debug|Any CPU
		{078DB5F4-8A5E-4C86-A212-720AE1000EF3}.Debug|Any CPU.Deploy.0 = Debug|Any CPU
		{078DB5F4-8A5E-4C86-A212-720AE1000EF3}.Debug|ARM.ActiveCfg = Debug|Any CPU
		{078DB5F4-8A5E-4C86-A212-720AE1000EF3}.Debug|ARM.Build.0 = Debug|Any CPU
		{078DB5F4-8A5E-4C86-A212-720AE1000EF3}.Debug|ARM.Deploy.0 = Debug|Any CPU
		{078DB5F4-8A5E-4C86-A212-720AE1000EF3}.Debug|iPhone.ActiveCfg = Debug|Any CPU
		{078DB5F4-8A5E-4C86-A212-720AE1000EF3}.Debug|iPhone.Build.0 = Debug|Any CPU
		{078DB5F4-8A5E-4C86-A212-720AE1000EF3}.Debug|iPhone.Deploy.0 = Debug|Any CPU
		{078DB5F4-8A5E-4C86-A212-720AE1000EF3}.Debug|iPhoneSimulator.ActiveCfg = Debug|Any CPU
		{078DB5F4-8A5E-4C86-A212-720AE1000EF3}.Debug|iPhoneSimulator.Build.0 = Debug|Any CPU
		{078DB5F4-8A5E-4C86-A212-720AE1000EF3}.Debug|iPhoneSimulator.Deploy.0 = Debug|Any CPU
		{078DB5F4-8A5E-4C86-A212-720AE1000EF3}.Debug|x64.ActiveCfg = Debug|Any CPU
		{078DB5F4-8A5E-4C86-A212-720AE1000EF3}.Debug|x64.Build.0 = Debug|Any CPU
		{078DB5F4-8A5E-4C86-A212-720AE1000EF3}.Debug|x64.Deploy.0 = Debug|Any CPU
		{078DB5F4-8A5E-4C86-A212-720AE1000EF3}.Debug|x86.ActiveCfg = Debug|Any CPU
		{078DB5F4-8A5E-4C86-A212-720AE1000EF3}.Debug|x86.Build.0 = Debug|Any CPU
		{078DB5F4-8A5E-4C86-A212-720AE1000EF3}.Debug|x86.Deploy.0 = Debug|Any CPU
		{078DB5F4-8A5E-4C86-A212-720AE1000EF3}.Release|Any CPU.ActiveCfg = Release|Any CPU
		{078DB5F4-8A5E-4C86-A212-720AE1000EF3}.Release|Any CPU.Build.0 = Release|Any CPU
		{078DB5F4-8A5E-4C86-A212-720AE1000EF3}.Release|Any CPU.Deploy.0 = Release|Any CPU
		{078DB5F4-8A5E-4C86-A212-720AE1000EF3}.Release|ARM.ActiveCfg = Release|Any CPU
		{078DB5F4-8A5E-4C86-A212-720AE1000EF3}.Release|ARM.Build.0 = Release|Any CPU
		{078DB5F4-8A5E-4C86-A212-720AE1000EF3}.Release|ARM.Deploy.0 = Release|Any CPU
		{078DB5F4-8A5E-4C86-A212-720AE1000EF3}.Release|iPhone.ActiveCfg = Release|Any CPU
		{078DB5F4-8A5E-4C86-A212-720AE1000EF3}.Release|iPhone.Build.0 = Release|Any CPU
		{078DB5F4-8A5E-4C86-A212-720AE1000EF3}.Release|iPhone.Deploy.0 = Release|Any CPU
		{078DB5F4-8A5E-4C86-A212-720AE1000EF3}.Release|iPhoneSimulator.ActiveCfg = Release|Any CPU
		{078DB5F4-8A5E-4C86-A212-720AE1000EF3}.Release|iPhoneSimulator.Build.0 = Release|Any CPU
		{078DB5F4-8A5E-4C86-A212-720AE1000EF3}.Release|iPhoneSimulator.Deploy.0 = Release|Any CPU
		{078DB5F4-8A5E-4C86-A212-720AE1000EF3}.Release|x64.ActiveCfg = Release|Any CPU
		{078DB5F4-8A5E-4C86-A212-720AE1000EF3}.Release|x64.Build.0 = Release|Any CPU
		{078DB5F4-8A5E-4C86-A212-720AE1000EF3}.Release|x64.Deploy.0 = Release|Any CPU
		{078DB5F4-8A5E-4C86-A212-720AE1000EF3}.Release|x86.ActiveCfg = Release|Any CPU
		{078DB5F4-8A5E-4C86-A212-720AE1000EF3}.Release|x86.Build.0 = Release|Any CPU
		{078DB5F4-8A5E-4C86-A212-720AE1000EF3}.Release|x86.Deploy.0 = Release|Any CPU
		{D53C289A-4F5A-40C8-B825-EDCA3A8E95D8}.Ad-Hoc|Any CPU.ActiveCfg = Release|x64
		{D53C289A-4F5A-40C8-B825-EDCA3A8E95D8}.Ad-Hoc|Any CPU.Build.0 = Release|x64
		{D53C289A-4F5A-40C8-B825-EDCA3A8E95D8}.Ad-Hoc|Any CPU.Deploy.0 = Release|x64
		{D53C289A-4F5A-40C8-B825-EDCA3A8E95D8}.Ad-Hoc|ARM.ActiveCfg = Release|ARM
		{D53C289A-4F5A-40C8-B825-EDCA3A8E95D8}.Ad-Hoc|ARM.Build.0 = Release|ARM
		{D53C289A-4F5A-40C8-B825-EDCA3A8E95D8}.Ad-Hoc|ARM.Deploy.0 = Release|ARM
		{D53C289A-4F5A-40C8-B825-EDCA3A8E95D8}.Ad-Hoc|iPhone.ActiveCfg = Release|x64
		{D53C289A-4F5A-40C8-B825-EDCA3A8E95D8}.Ad-Hoc|iPhone.Build.0 = Release|x64
		{D53C289A-4F5A-40C8-B825-EDCA3A8E95D8}.Ad-Hoc|iPhone.Deploy.0 = Release|x64
		{D53C289A-4F5A-40C8-B825-EDCA3A8E95D8}.Ad-Hoc|iPhoneSimulator.ActiveCfg = Release|x64
		{D53C289A-4F5A-40C8-B825-EDCA3A8E95D8}.Ad-Hoc|iPhoneSimulator.Build.0 = Release|x64
		{D53C289A-4F5A-40C8-B825-EDCA3A8E95D8}.Ad-Hoc|iPhoneSimulator.Deploy.0 = Release|x64
		{D53C289A-4F5A-40C8-B825-EDCA3A8E95D8}.Ad-Hoc|x64.ActiveCfg = Release|x64
		{D53C289A-4F5A-40C8-B825-EDCA3A8E95D8}.Ad-Hoc|x64.Build.0 = Release|x64
		{D53C289A-4F5A-40C8-B825-EDCA3A8E95D8}.Ad-Hoc|x64.Deploy.0 = Release|x64
		{D53C289A-4F5A-40C8-B825-EDCA3A8E95D8}.Ad-Hoc|x86.ActiveCfg = Release|x86
		{D53C289A-4F5A-40C8-B825-EDCA3A8E95D8}.Ad-Hoc|x86.Build.0 = Release|x86
		{D53C289A-4F5A-40C8-B825-EDCA3A8E95D8}.Ad-Hoc|x86.Deploy.0 = Release|x86
		{D53C289A-4F5A-40C8-B825-EDCA3A8E95D8}.AppStore|Any CPU.ActiveCfg = Release|x64
		{D53C289A-4F5A-40C8-B825-EDCA3A8E95D8}.AppStore|Any CPU.Build.0 = Release|x64
		{D53C289A-4F5A-40C8-B825-EDCA3A8E95D8}.AppStore|Any CPU.Deploy.0 = Release|x64
		{D53C289A-4F5A-40C8-B825-EDCA3A8E95D8}.AppStore|ARM.ActiveCfg = Release|ARM
		{D53C289A-4F5A-40C8-B825-EDCA3A8E95D8}.AppStore|ARM.Build.0 = Release|ARM
		{D53C289A-4F5A-40C8-B825-EDCA3A8E95D8}.AppStore|ARM.Deploy.0 = Release|ARM
		{D53C289A-4F5A-40C8-B825-EDCA3A8E95D8}.AppStore|iPhone.ActiveCfg = Release|x64
		{D53C289A-4F5A-40C8-B825-EDCA3A8E95D8}.AppStore|iPhone.Build.0 = Release|x64
		{D53C289A-4F5A-40C8-B825-EDCA3A8E95D8}.AppStore|iPhone.Deploy.0 = Release|x64
		{D53C289A-4F5A-40C8-B825-EDCA3A8E95D8}.AppStore|iPhoneSimulator.ActiveCfg = Release|x64
		{D53C289A-4F5A-40C8-B825-EDCA3A8E95D8}.AppStore|iPhoneSimulator.Build.0 = Release|x64
		{D53C289A-4F5A-40C8-B825-EDCA3A8E95D8}.AppStore|iPhoneSimulator.Deploy.0 = Release|x64
		{D53C289A-4F5A-40C8-B825-EDCA3A8E95D8}.AppStore|x64.ActiveCfg = Release|x64
		{D53C289A-4F5A-40C8-B825-EDCA3A8E95D8}.AppStore|x64.Build.0 = Release|x64
		{D53C289A-4F5A-40C8-B825-EDCA3A8E95D8}.AppStore|x64.Deploy.0 = Release|x64
		{D53C289A-4F5A-40C8-B825-EDCA3A8E95D8}.AppStore|x86.ActiveCfg = Release|x86
		{D53C289A-4F5A-40C8-B825-EDCA3A8E95D8}.AppStore|x86.Build.0 = Release|x86
		{D53C289A-4F5A-40C8-B825-EDCA3A8E95D8}.AppStore|x86.Deploy.0 = Release|x86
		{D53C289A-4F5A-40C8-B825-EDCA3A8E95D8}.Debug|Any CPU.ActiveCfg = Debug|x86
		{D53C289A-4F5A-40C8-B825-EDCA3A8E95D8}.Debug|ARM.ActiveCfg = Debug|ARM
		{D53C289A-4F5A-40C8-B825-EDCA3A8E95D8}.Debug|ARM.Build.0 = Debug|ARM
		{D53C289A-4F5A-40C8-B825-EDCA3A8E95D8}.Debug|ARM.Deploy.0 = Debug|ARM
		{D53C289A-4F5A-40C8-B825-EDCA3A8E95D8}.Debug|iPhone.ActiveCfg = Debug|x86
		{D53C289A-4F5A-40C8-B825-EDCA3A8E95D8}.Debug|iPhoneSimulator.ActiveCfg = Debug|x86
		{D53C289A-4F5A-40C8-B825-EDCA3A8E95D8}.Debug|x64.ActiveCfg = Debug|x64
		{D53C289A-4F5A-40C8-B825-EDCA3A8E95D8}.Debug|x64.Build.0 = Debug|x64
		{D53C289A-4F5A-40C8-B825-EDCA3A8E95D8}.Debug|x64.Deploy.0 = Debug|x64
		{D53C289A-4F5A-40C8-B825-EDCA3A8E95D8}.Debug|x86.ActiveCfg = Debug|x86
		{D53C289A-4F5A-40C8-B825-EDCA3A8E95D8}.Debug|x86.Build.0 = Debug|x86
		{D53C289A-4F5A-40C8-B825-EDCA3A8E95D8}.Debug|x86.Deploy.0 = Debug|x86
		{D53C289A-4F5A-40C8-B825-EDCA3A8E95D8}.Release|Any CPU.ActiveCfg = Release|x86
		{D53C289A-4F5A-40C8-B825-EDCA3A8E95D8}.Release|ARM.ActiveCfg = Release|ARM
		{D53C289A-4F5A-40C8-B825-EDCA3A8E95D8}.Release|ARM.Build.0 = Release|ARM
		{D53C289A-4F5A-40C8-B825-EDCA3A8E95D8}.Release|ARM.Deploy.0 = Release|ARM
		{D53C289A-4F5A-40C8-B825-EDCA3A8E95D8}.Release|iPhone.ActiveCfg = Release|x86
		{D53C289A-4F5A-40C8-B825-EDCA3A8E95D8}.Release|iPhoneSimulator.ActiveCfg = Release|x86
		{D53C289A-4F5A-40C8-B825-EDCA3A8E95D8}.Release|x64.ActiveCfg = Release|x64
		{D53C289A-4F5A-40C8-B825-EDCA3A8E95D8}.Release|x64.Build.0 = Release|x64
		{D53C289A-4F5A-40C8-B825-EDCA3A8E95D8}.Release|x64.Deploy.0 = Release|x64
		{D53C289A-4F5A-40C8-B825-EDCA3A8E95D8}.Release|x86.ActiveCfg = Release|x86
		{D53C289A-4F5A-40C8-B825-EDCA3A8E95D8}.Release|x86.Build.0 = Release|x86
		{D53C289A-4F5A-40C8-B825-EDCA3A8E95D8}.Release|x86.Deploy.0 = Release|x86
	EndGlobalSection
	GlobalSection(SolutionProperties) = preSolution
		HideSolutionNode = FALSE
	EndGlobalSection
EndGlobal
